
Microsoft Visual Studio Solution File, Format Version 12.00
# Visual Studio Version 17
VisualStudioVersion = 17.3.32901.215
MinimumVisualStudioVersion = 10.0.40219.1
Project("{9A19103F-16F7-4668-BE54-9A1E7A4F7556}") = "dutchonboard", "dutchonboard\dutchonboard.csproj", "{6D9523A3-997B-4E32-8323-811A22665BEB}"
EndProject
Project("{9A19103F-16F7-4668-BE54-9A1E7A4F7556}") = "dutchonboard.Core.Domain", "dutchonboard.Core.Domain\dutchonboard.Core.Domain.csproj", "{EB31FCDA-9288-4911-9DDC-3195A73DD8C0}"
EndProject
Project("{9A19103F-16F7-4668-BE54-9A1E7A4F7556}") = "dutchonboard.Core.Domain.Tests", "dutchonboard.Core.Domain.Tests\dutchonboard.Core.Domain.Tests.csproj", "{91C3A489-A22A-4914-AAE0-D6ED39FB4CEB}"
EndProject
Project("{FAE04EC0-301F-11D3-BF4B-00C04F79EFBC}") = "dutchonboard.Core.DomainServices", "dutchonboard.Core.DomainServices\dutchonboard.Core.DomainServices.csproj", "{7368115C-7330-481C-90B2-355EE3A50DE8}"
EndProject
Global
	GlobalSection(SolutionConfigurationPlatforms) = preSolution
		Debug|Any CPU = Debug|Any CPU
		Release|Any CPU = Release|Any CPU
	EndGlobalSection
	GlobalSection(ProjectConfigurationPlatforms) = postSolution
		{6D9523A3-997B-4E32-8323-811A22665BEB}.Debug|Any CPU.ActiveCfg = Debug|Any CPU
		{6D9523A3-997B-4E32-8323-811A22665BEB}.Debug|Any CPU.Build.0 = Debug|Any CPU
		{6D9523A3-997B-4E32-8323-811A22665BEB}.Release|Any CPU.ActiveCfg = Release|Any CPU
		{6D9523A3-997B-4E32-8323-811A22665BEB}.Release|Any CPU.Build.0 = Release|Any CPU
		{EB31FCDA-9288-4911-9DDC-3195A73DD8C0}.Debug|Any CPU.ActiveCfg = Debug|Any CPU
		{EB31FCDA-9288-4911-9DDC-3195A73DD8C0}.Debug|Any CPU.Build.0 = Debug|Any CPU
		{EB31FCDA-9288-4911-9DDC-3195A73DD8C0}.Release|Any CPU.ActiveCfg = Release|Any CPU
		{EB31FCDA-9288-4911-9DDC-3195A73DD8C0}.Release|Any CPU.Build.0 = Release|Any CPU
		{91C3A489-A22A-4914-AAE0-D6ED39FB4CEB}.Debug|Any CPU.ActiveCfg = Debug|Any CPU
		{91C3A489-A22A-4914-AAE0-D6ED39FB4CEB}.Debug|Any CPU.Build.0 = Debug|Any CPU
		{91C3A489-A22A-4914-AAE0-D6ED39FB4CEB}.Release|Any CPU.ActiveCfg = Release|Any CPU
		{91C3A489-A22A-4914-AAE0-D6ED39FB4CEB}.Release|Any CPU.Build.0 = Release|Any CPU
		{7368115C-7330-481C-90B2-355EE3A50DE8}.Debug|Any CPU.ActiveCfg = Debug|Any CPU
		{7368115C-7330-481C-90B2-355EE3A50DE8}.Debug|Any CPU.Build.0 = Debug|Any CPU
		{7368115C-7330-481C-90B2-355EE3A50DE8}.Release|Any CPU.ActiveCfg = Release|Any CPU
		{7368115C-7330-481C-90B2-355EE3A50DE8}.Release|Any CPU.Build.0 = Release|Any CPU
	EndGlobalSection
	GlobalSection(SolutionProperties) = preSolution
		HideSolutionNode = FALSE
	EndGlobalSection
	GlobalSection(ExtensibilityGlobals) = postSolution
		SolutionGuid = {0DAEFB59-A78F-434F-BCB4-C79880F5B454}
	EndGlobalSection
EndGlobal
